
Microsoft Visual Studio Solution File, Format Version 12.00
# Visual Studio Version 17
VisualStudioVersion = 17.8.34309.116
MinimumVisualStudioVersion = 10.0.40219.1
Project("{FAE04EC0-301F-11D3-BF4B-00C04F79EFBC}") = "JsonFileManager", "JsonFileManager\JsonFileManager.csproj", "{3DD63CEE-D8C1-4B73-82E8-464C0BFB0C6F}"
EndProject
Project("{FAE04EC0-301F-11D3-BF4B-00C04F79EFBC}") = "JsonFileManager.Tests", "JsonFileManager.Tests\JsonFileManager.Tests.csproj", "{9EE117DB-2981-4499-8615-FB3669CA4F3D}"
EndProject
Global
	GlobalSection(SolutionConfigurationPlatforms) = preSolution
		Debug|Any CPU = Debug|Any CPU
		Release|Any CPU = Release|Any CPU
	EndGlobalSection
	GlobalSection(ProjectConfigurationPlatforms) = postSolution
		{3DD63CEE-D8C1-4B73-82E8-464C0BFB0C6F}.Debug|Any CPU.ActiveCfg = Debug|Any CPU
		{3DD63CEE-D8C1-4B73-82E8-464C0BFB0C6F}.Debug|Any CPU.Build.0 = Debug|Any CPU
		{3DD63CEE-D8C1-4B73-82E8-464C0BFB0C6F}.Release|Any CPU.ActiveCfg = Release|Any CPU
		{3DD63CEE-D8C1-4B73-82E8-464C0BFB0C6F}.Release|Any CPU.Build.0 = Release|Any CPU
		{9EE117DB-2981-4499-8615-FB3669CA4F3D}.Debug|Any CPU.ActiveCfg = Debug|Any CPU
		{9EE117DB-2981-4499-8615-FB3669CA4F3D}.Debug|Any CPU.Build.0 = Debug|Any CPU
		{9EE117DB-2981-4499-8615-FB3669CA4F3D}.Release|Any CPU.ActiveCfg = Release|Any CPU
		{9EE117DB-2981-4499-8615-FB3669CA4F3D}.Release|Any CPU.Build.0 = Release|Any CPU
	EndGlobalSection
	GlobalSection(SolutionProperties) = preSolution
		HideSolutionNode = FALSE
	EndGlobalSection
	GlobalSection(ExtensibilityGlobals) = postSolution
		SolutionGuid = {51A634AB-2B00-437A-8E13-A45D74475B35}
	EndGlobalSection
EndGlobal
